
Microsoft Visual Studio Solution File, Format Version 12.00
# Visual Studio Version 17
VisualStudioVersion = 17.4.33205.214
MinimumVisualStudioVersion = 10.0.40219.1
Project("{FAE04EC0-301F-11D3-BF4B-00C04F79EFBC}") = "Utilities", "Utilities\Utilities.csproj", "{FCF57946-8AFB-44B5-8B38-532F22BCB887}"
EndProject
Project("{FAE04EC0-301F-11D3-BF4B-00C04F79EFBC}") = "University", "University\University.csproj", "{2AE4FF57-2191-489C-83DE-D52E889A14CE}"
EndProject
Global
	GlobalSection(SolutionConfigurationPlatforms) = preSolution
		Debug|Any CPU = Debug|Any CPU
		Release|Any CPU = Release|Any CPU
	EndGlobalSection
	GlobalSection(ProjectConfigurationPlatforms) = postSolution
		{FCF57946-8AFB-44B5-8B38-532F22BCB887}.Debug|Any CPU.ActiveCfg = Debug|Any CPU
		{FCF57946-8AFB-44B5-8B38-532F22BCB887}.Debug|Any CPU.Build.0 = Debug|Any CPU
		{FCF57946-8AFB-44B5-8B38-532F22BCB887}.Release|Any CPU.ActiveCfg = Release|Any CPU
		{FCF57946-8AFB-44B5-8B38-532F22BCB887}.Release|Any CPU.Build.0 = Release|Any CPU
		{2AE4FF57-2191-489C-83DE-D52E889A14CE}.Debug|Any CPU.ActiveCfg = Debug|Any CPU
		{2AE4FF57-2191-489C-83DE-D52E889A14CE}.Debug|Any CPU.Build.0 = Debug|Any CPU
		{2AE4FF57-2191-489C-83DE-D52E889A14CE}.Release|Any CPU.ActiveCfg = Release|Any CPU
		{2AE4FF57-2191-489C-83DE-D52E889A14CE}.Release|Any CPU.Build.0 = Release|Any CPU
	EndGlobalSection
	GlobalSection(SolutionProperties) = preSolution
		HideSolutionNode = FALSE
	EndGlobalSection
	GlobalSection(ExtensibilityGlobals) = postSolution
		SolutionGuid = {33685DFF-79ED-4CF0-A197-13EB80FBF3B7}
	EndGlobalSection
EndGlobal
